// !$*UTF8*$!
{
	archiveVersion = 1;
	classes = {
	};
	objectVersion = 55;
	objects = {

/* Begin PBXBuildFile section */
		CB3686C028744AE200E1CFC4 /* tomatoTomatoApp.swift in Sources */ = {isa = PBXBuildFile; fileRef = CB3686BF28744AE200E1CFC4 /* tomatoTomatoApp.swift */; };
		CB3686C228744AE200E1CFC4 /* ContentView.swift in Sources */ = {isa = PBXBuildFile; fileRef = CB3686C128744AE200E1CFC4 /* ContentView.swift */; };
		CB3686C428744AEA00E1CFC4 /* Assets.xcassets in Resources */ = {isa = PBXBuildFile; fileRef = CB3686C328744AEA00E1CFC4 /* Assets.xcassets */; };
		CB3686C728744AEA00E1CFC4 /* Preview Assets.xcassets in Resources */ = {isa = PBXBuildFile; fileRef = CB3686C628744AEA00E1CFC4 /* Preview Assets.xcassets */; };
		CB3686D328749E3700E1CFC4 /* NewTaskView.swift in Sources */ = {isa = PBXBuildFile; fileRef = CB3686D228749E3600E1CFC4 /* NewTaskView.swift */; };
		CB3FF734290FF290007B3579 /* GRDB in Frameworks */ = {isa = PBXBuildFile; productRef = CB3FF733290FF290007B3579 /* GRDB */; };
		CB3FF737291017FF007B3579 /* AppDatabase.swift in Sources */ = {isa = PBXBuildFile; fileRef = CB3FF736291017FF007B3579 /* AppDatabase.swift */; };
		CB3FF73929103556007B3579 /* Persistance.swift in Sources */ = {isa = PBXBuildFile; fileRef = CB3FF73829103556007B3579 /* Persistance.swift */; };
		CBAAC8B92927DA1300BDA8B5 /* ContentViewModel.swift in Sources */ = {isa = PBXBuildFile; fileRef = CBAAC8B82927DA1300BDA8B5 /* ContentViewModel.swift */; };
		CBAAC8BB2927DA2C00BDA8B5 /* SingleTaskView.swift in Sources */ = {isa = PBXBuildFile; fileRef = CBAAC8BA2927DA2C00BDA8B5 /* SingleTaskView.swift */; };
		CBE3813229265E6B003E5B5E /* NewTaskViewContoller.swift in Sources */ = {isa = PBXBuildFile; fileRef = CBE3813129265E6B003E5B5E /* NewTaskViewContoller.swift */; };
		CBE3813429267AA0003E5B5E /* ContentViewController.swift in Sources */ = {isa = PBXBuildFile; fileRef = CBE3813329267AA0003E5B5E /* ContentViewController.swift */; };
		CBE3813629267CE1003E5B5E /* TypeAndSyzeModels.swift in Sources */ = {isa = PBXBuildFile; fileRef = CBE3813529267CE1003E5B5E /* TypeAndSyzeModels.swift */; };
		CBE3813829267DA6003E5B5E /* NewTaskViewModel.swift in Sources */ = {isa = PBXBuildFile; fileRef = CBE3813729267DA6003E5B5E /* NewTaskViewModel.swift */; };
		CBECACF62895963F00160A4C /* Localizable.strings in Resources */ = {isa = PBXBuildFile; fileRef = CBECACF82895963F00160A4C /* Localizable.strings */; };
		CBECACFC2895965000160A4C /* tomatoTomato-InfoPlist.strings in Resources */ = {isa = PBXBuildFile; fileRef = CBECACFA2895965000160A4C /* tomatoTomato-InfoPlist.strings */; };
		CBECAD032895A8FC00160A4C /* tomatoTaskDbModel.swift in Sources */ = {isa = PBXBuildFile; fileRef = CBECAD022895A8FC00160A4C /* tomatoTaskDbModel.swift */; };
/* End PBXBuildFile section */

/* Begin PBXFileReference section */
		CB3686BC28744AE200E1CFC4 /* tomatoTomato.app */ = {isa = PBXFileReference; explicitFileType = wrapper.application; includeInIndex = 0; path = tomatoTomato.app; sourceTree = BUILT_PRODUCTS_DIR; };
		CB3686BF28744AE200E1CFC4 /* tomatoTomatoApp.swift */ = {isa = PBXFileReference; lastKnownFileType = sourcecode.swift; path = tomatoTomatoApp.swift; sourceTree = "<group>"; };
		CB3686C128744AE200E1CFC4 /* ContentView.swift */ = {isa = PBXFileReference; lastKnownFileType = sourcecode.swift; path = ContentView.swift; sourceTree = "<group>"; };
		CB3686C328744AEA00E1CFC4 /* Assets.xcassets */ = {isa = PBXFileReference; lastKnownFileType = folder.assetcatalog; path = Assets.xcassets; sourceTree = "<group>"; };
		CB3686C628744AEA00E1CFC4 /* Preview Assets.xcassets */ = {isa = PBXFileReference; lastKnownFileType = folder.assetcatalog; path = "Preview Assets.xcassets"; sourceTree = "<group>"; };
		CB3686CD28744E0D00E1CFC4 /* README.txt */ = {isa = PBXFileReference; lastKnownFileType = text; path = README.txt; sourceTree = "<group>"; };
		CB3686D228749E3600E1CFC4 /* NewTaskView.swift */ = {isa = PBXFileReference; lastKnownFileType = sourcecode.swift; path = NewTaskView.swift; sourceTree = "<group>"; };
		CB3FF736291017FF007B3579 /* AppDatabase.swift */ = {isa = PBXFileReference; lastKnownFileType = sourcecode.swift; path = AppDatabase.swift; sourceTree = "<group>"; };
		CB3FF73829103556007B3579 /* Persistance.swift */ = {isa = PBXFileReference; lastKnownFileType = sourcecode.swift; path = Persistance.swift; sourceTree = "<group>"; };
		CBAAC8B82927DA1300BDA8B5 /* ContentViewModel.swift */ = {isa = PBXFileReference; lastKnownFileType = sourcecode.swift; path = ContentViewModel.swift; sourceTree = "<group>"; };
		CBAAC8BA2927DA2C00BDA8B5 /* SingleTaskView.swift */ = {isa = PBXFileReference; lastKnownFileType = sourcecode.swift; path = SingleTaskView.swift; sourceTree = "<group>"; };
		CBE3813129265E6B003E5B5E /* NewTaskViewContoller.swift */ = {isa = PBXFileReference; lastKnownFileType = sourcecode.swift; path = NewTaskViewContoller.swift; sourceTree = "<group>"; };
		CBE3813329267AA0003E5B5E /* ContentViewController.swift */ = {isa = PBXFileReference; lastKnownFileType = sourcecode.swift; path = ContentViewController.swift; sourceTree = "<group>"; };
		CBE3813529267CE1003E5B5E /* TypeAndSyzeModels.swift */ = {isa = PBXFileReference; lastKnownFileType = sourcecode.swift; path = TypeAndSyzeModels.swift; sourceTree = "<group>"; };
		CBE3813729267DA6003E5B5E /* NewTaskViewModel.swift */ = {isa = PBXFileReference; lastKnownFileType = sourcecode.swift; path = NewTaskViewModel.swift; sourceTree = "<group>"; };
		CBECACF72895963F00160A4C /* en */ = {isa = PBXFileReference; lastKnownFileType = text.plist.strings; name = en; path = en.lproj/Localizable.strings; sourceTree = "<group>"; };
		CBECACF92895964100160A4C /* ru */ = {isa = PBXFileReference; lastKnownFileType = text.plist.strings; name = ru; path = ru.lproj/Localizable.strings; sourceTree = "<group>"; };
		CBECACFB2895965000160A4C /* ru */ = {isa = PBXFileReference; lastKnownFileType = text.plist.strings; name = ru; path = "ru.lproj/tomatoTomato-InfoPlist.strings"; sourceTree = "<group>"; };
		CBECACFD2895A0F900160A4C /* en */ = {isa = PBXFileReference; lastKnownFileType = text.plist.strings; name = en; path = "en.lproj/tomatoTomato-InfoPlist.strings"; sourceTree = "<group>"; };
		CBECAD022895A8FC00160A4C /* tomatoTaskDbModel.swift */ = {isa = PBXFileReference; lastKnownFileType = sourcecode.swift; path = tomatoTaskDbModel.swift; sourceTree = "<group>"; };
/* End PBXFileReference section */

/* Begin PBXFrameworksBuildPhase section */
		CB3686B928744AE200E1CFC4 /* Frameworks */ = {
			isa = PBXFrameworksBuildPhase;
			buildActionMask = 2147483647;
			files = (
				CB3FF734290FF290007B3579 /* GRDB in Frameworks */,
			);
			runOnlyForDeploymentPostprocessing = 0;
		};
/* End PBXFrameworksBuildPhase section */

/* Begin PBXGroup section */
		CB3686B328744AE200E1CFC4 = {
			isa = PBXGroup;
			children = (
				CB3686CD28744E0D00E1CFC4 /* README.txt */,
				CBECACFA2895965000160A4C /* tomatoTomato-InfoPlist.strings */,
				CBECACF82895963F00160A4C /* Localizable.strings */,
				CB3686BE28744AE200E1CFC4 /* tomatoTomato */,
				CB3686BD28744AE200E1CFC4 /* Products */,
			);
			sourceTree = "<group>";
		};
		CB3686BD28744AE200E1CFC4 /* Products */ = {
			isa = PBXGroup;
			children = (
				CB3686BC28744AE200E1CFC4 /* tomatoTomato.app */,
			);
			name = Products;
			sourceTree = "<group>";
		};
		CB3686BE28744AE200E1CFC4 /* tomatoTomato */ = {
			isa = PBXGroup;
			children = (
				CBAAC8B72927D9DF00BDA8B5 /* Content */,
				CBEC8B7729269AD0007BB344 /* NewTask */,
				CB3FF735291017B4007B3579 /* Database */,
				CBECACFE2895A89600160A4C /* Models */,
				CB3686BF28744AE200E1CFC4 /* tomatoTomatoApp.swift */,
				CB3686C328744AEA00E1CFC4 /* Assets.xcassets */,
				CB3686C528744AEA00E1CFC4 /* Preview Content */,
			);
			path = tomatoTomato;
			sourceTree = "<group>";
		};
		CB3686C528744AEA00E1CFC4 /* Preview Content */ = {
			isa = PBXGroup;
			children = (
				CB3686C628744AEA00E1CFC4 /* Preview Assets.xcassets */,
			);
			path = "Preview Content";
			sourceTree = "<group>";
		};
		CB3FF735291017B4007B3579 /* Database */ = {
			isa = PBXGroup;
			children = (
				CB3FF736291017FF007B3579 /* AppDatabase.swift */,
				CB3FF73829103556007B3579 /* Persistance.swift */,
				CBECAD022895A8FC00160A4C /* tomatoTaskDbModel.swift */,
			);
			path = Database;
			sourceTree = "<group>";
		};
		CBAAC8B72927D9DF00BDA8B5 /* Content */ = {
			isa = PBXGroup;
			children = (
				CB3686C128744AE200E1CFC4 /* ContentView.swift */,
				CBE3813329267AA0003E5B5E /* ContentViewController.swift */,
				CBAAC8B82927DA1300BDA8B5 /* ContentViewModel.swift */,
				CBAAC8BA2927DA2C00BDA8B5 /* SingleTaskView.swift */,
			);
			path = Content;
			sourceTree = "<group>";
		};
		CBEC8B7729269AD0007BB344 /* NewTask */ = {
			isa = PBXGroup;
			children = (
				CB3686D228749E3600E1CFC4 /* NewTaskView.swift */,
				CBE3813729267DA6003E5B5E /* NewTaskViewModel.swift */,
				CBE3813129265E6B003E5B5E /* NewTaskViewContoller.swift */,
			);
			path = NewTask;
			sourceTree = "<group>";
		};
		CBECACFE2895A89600160A4C /* Models */ = {
			isa = PBXGroup;
			children = (
				CBE3813529267CE1003E5B5E /* TypeAndSyzeModels.swift */,
			);
			path = Models;
			sourceTree = "<group>";
		};
/* End PBXGroup section */

/* Begin PBXNativeTarget section */
		CB3686BB28744AE200E1CFC4 /* tomatoTomato */ = {
			isa = PBXNativeTarget;
			buildConfigurationList = CB3686CA28744AEA00E1CFC4 /* Build configuration list for PBXNativeTarget "tomatoTomato" */;
			buildPhases = (
				CB3686B828744AE200E1CFC4 /* Sources */,
				CB3686B928744AE200E1CFC4 /* Frameworks */,
				CB3686BA28744AE200E1CFC4 /* Resources */,
			);
			buildRules = (
			);
			dependencies = (
			);
			name = tomatoTomato;
			packageProductDependencies = (
				CB3FF733290FF290007B3579 /* GRDB */,
			);
			productName = tomatoTomato;
			productReference = CB3686BC28744AE200E1CFC4 /* tomatoTomato.app */;
			productType = "com.apple.product-type.application";
		};
/* End PBXNativeTarget section */

/* Begin PBXProject section */
		CB3686B428744AE200E1CFC4 /* Project object */ = {
			isa = PBXProject;
			attributes = {
				BuildIndependentTargetsInParallel = 1;
				LastSwiftUpdateCheck = 1340;
				LastUpgradeCheck = 1340;
				TargetAttributes = {
					CB3686BB28744AE200E1CFC4 = {
						CreatedOnToolsVersion = 13.4.1;
					};
				};
			};
			buildConfigurationList = CB3686B728744AE200E1CFC4 /* Build configuration list for PBXProject "tomatoTomato" */;
			compatibilityVersion = "Xcode 13.0";
			developmentRegion = en;
			hasScannedForEncodings = 0;
			knownRegions = (
				en,
				Base,
				ru,
			);
			mainGroup = CB3686B328744AE200E1CFC4;
			packageReferences = (
				CB3FF732290FF290007B3579 /* XCRemoteSwiftPackageReference "GRDB" */,
			);
			productRefGroup = CB3686BD28744AE200E1CFC4 /* Products */;
			projectDirPath = "";
			projectRoot = "";
			targets = (
				CB3686BB28744AE200E1CFC4 /* tomatoTomato */,
			);
		};
/* End PBXProject section */

/* Begin PBXResourcesBuildPhase section */
		CB3686BA28744AE200E1CFC4 /* Resources */ = {
			isa = PBXResourcesBuildPhase;
			buildActionMask = 2147483647;
			files = (
				CB3686C728744AEA00E1CFC4 /* Preview Assets.xcassets in Resources */,
				CBECACF62895963F00160A4C /* Localizable.strings in Resources */,
				CB3686C428744AEA00E1CFC4 /* Assets.xcassets in Resources */,
				CBECACFC2895965000160A4C /* tomatoTomato-InfoPlist.strings in Resources */,
			);
			runOnlyForDeploymentPostprocessing = 0;
		};
/* End PBXResourcesBuildPhase section */

/* Begin PBXSourcesBuildPhase section */
		CB3686B828744AE200E1CFC4 /* Sources */ = {
			isa = PBXSourcesBuildPhase;
			buildActionMask = 2147483647;
			files = (
				CBE3813829267DA6003E5B5E /* NewTaskViewModel.swift in Sources */,
				CBE3813429267AA0003E5B5E /* ContentViewController.swift in Sources */,
				CB3686D328749E3700E1CFC4 /* NewTaskView.swift in Sources */,
				CBAAC8BB2927DA2C00BDA8B5 /* SingleTaskView.swift in Sources */,
				CBE3813629267CE1003E5B5E /* TypeAndSyzeModels.swift in Sources */,
				CBE3813229265E6B003E5B5E /* NewTaskViewContoller.swift in Sources */,
				CB3686C228744AE200E1CFC4 /* ContentView.swift in Sources */,
				CBECAD032895A8FC00160A4C /* tomatoTaskDbModel.swift in Sources */,
				CBAAC8B92927DA1300BDA8B5 /* ContentViewModel.swift in Sources */,
				CB3686C028744AE200E1CFC4 /* tomatoTomatoApp.swift in Sources */,
				CB3FF737291017FF007B3579 /* AppDatabase.swift in Sources */,
				CB3FF73929103556007B3579 /* Persistance.swift in Sources */,
			);
			runOnlyForDeploymentPostprocessing = 0;
		};
/* End PBXSourcesBuildPhase section */

/* Begin PBXVariantGroup section */
		CBECACF82895963F00160A4C /* Localizable.strings */ = {
			isa = PBXVariantGroup;
			children = (
				CBECACF72895963F00160A4C /* en */,
				CBECACF92895964100160A4C /* ru */,
			);
			name = Localizable.strings;
			sourceTree = "<group>";
		};
		CBECACFA2895965000160A4C /* tomatoTomato-InfoPlist.strings */ = {
			isa = PBXVariantGroup;
			children = (
				CBECACFB2895965000160A4C /* ru */,
				CBECACFD2895A0F900160A4C /* en */,
			);
			name = "tomatoTomato-InfoPlist.strings";
			path = tomatoTomato;
			sourceTree = "<group>";
		};
/* End PBXVariantGroup section */

/* Begin XCBuildConfiguration section */
		CB3686C828744AEA00E1CFC4 /* Debug */ = {
			isa = XCBuildConfiguration;
			buildSettings = {
				ALWAYS_SEARCH_USER_PATHS = NO;
				CLANG_ANALYZER_LOCALIZABILITY_NONLOCALIZED = YES;
				CLANG_ANALYZER_NONNULL = YES;
				CLANG_ANALYZER_NUMBER_OBJECT_CONVERSION = YES_AGGRESSIVE;
				CLANG_CXX_LANGUAGE_STANDARD = "gnu++17";
				CLANG_ENABLE_MODULES = YES;
				CLANG_ENABLE_OBJC_ARC = YES;
				CLANG_ENABLE_OBJC_WEAK = YES;
				CLANG_WARN_BLOCK_CAPTURE_AUTORELEASING = YES;
				CLANG_WARN_BOOL_CONVERSION = YES;
				CLANG_WARN_COMMA = YES;
				CLANG_WARN_CONSTANT_CONVERSION = YES;
				CLANG_WARN_DEPRECATED_OBJC_IMPLEMENTATIONS = YES;
				CLANG_WARN_DIRECT_OBJC_ISA_USAGE = YES_ERROR;
				CLANG_WARN_DOCUMENTATION_COMMENTS = YES;
				CLANG_WARN_EMPTY_BODY = YES;
				CLANG_WARN_ENUM_CONVERSION = YES;
				CLANG_WARN_INFINITE_RECURSION = YES;
				CLANG_WARN_INT_CONVERSION = YES;
				CLANG_WARN_NON_LITERAL_NULL_CONVERSION = YES;
				CLANG_WARN_OBJC_IMPLICIT_RETAIN_SELF = YES;
				CLANG_WARN_OBJC_LITERAL_CONVERSION = YES;
				CLANG_WARN_OBJC_ROOT_CLASS = YES_ERROR;
				CLANG_WARN_QUOTED_INCLUDE_IN_FRAMEWORK_HEADER = YES;
				CLANG_WARN_RANGE_LOOP_ANALYSIS = YES;
				CLANG_WARN_STRICT_PROTOTYPES = YES;
				CLANG_WARN_SUSPICIOUS_MOVE = YES;
				CLANG_WARN_UNGUARDED_AVAILABILITY = YES_AGGRESSIVE;
				CLANG_WARN_UNREACHABLE_CODE = YES;
				CLANG_WARN__DUPLICATE_METHOD_MATCH = YES;
				COPY_PHASE_STRIP = NO;
				DEBUG_INFORMATION_FORMAT = dwarf;
				ENABLE_STRICT_OBJC_MSGSEND = YES;
				ENABLE_TESTABILITY = YES;
				GCC_C_LANGUAGE_STANDARD = gnu11;
				GCC_DYNAMIC_NO_PIC = NO;
				GCC_NO_COMMON_BLOCKS = YES;
				GCC_OPTIMIZATION_LEVEL = 0;
				GCC_PREPROCESSOR_DEFINITIONS = (
					"DEBUG=1",
					"$(inherited)",
				);
				GCC_WARN_64_TO_32_BIT_CONVERSION = YES;
				GCC_WARN_ABOUT_RETURN_TYPE = YES_ERROR;
				GCC_WARN_UNDECLARED_SELECTOR = YES;
				GCC_WARN_UNINITIALIZED_AUTOS = YES_AGGRESSIVE;
				GCC_WARN_UNUSED_FUNCTION = YES;
				GCC_WARN_UNUSED_VARIABLE = YES;
				IPHONEOS_DEPLOYMENT_TARGET = 15.5;
				MTL_ENABLE_DEBUG_INFO = INCLUDE_SOURCE;
				MTL_FAST_MATH = YES;
				ONLY_ACTIVE_ARCH = YES;
				SDKROOT = iphoneos;
				SWIFT_ACTIVE_COMPILATION_CONDITIONS = DEBUG;
				SWIFT_EMIT_LOC_STRINGS = YES;
				SWIFT_OPTIMIZATION_LEVEL = "-Onone";
			};
			name = Debug;
		};
		CB3686C928744AEA00E1CFC4 /* Release */ = {
			isa = XCBuildConfiguration;
			buildSettings = {
				ALWAYS_SEARCH_USER_PATHS = NO;
				CLANG_ANALYZER_LOCALIZABILITY_NONLOCALIZED = YES;
				CLANG_ANALYZER_NONNULL = YES;
				CLANG_ANALYZER_NUMBER_OBJECT_CONVERSION = YES_AGGRESSIVE;
				CLANG_CXX_LANGUAGE_STANDARD = "gnu++17";
				CLANG_ENABLE_MODULES = YES;
				CLANG_ENABLE_OBJC_ARC = YES;
				CLANG_ENABLE_OBJC_WEAK = YES;
				CLANG_WARN_BLOCK_CAPTURE_AUTORELEASING = YES;
				CLANG_WARN_BOOL_CONVERSION = YES;
				CLANG_WARN_COMMA = YES;
				CLANG_WARN_CONSTANT_CONVERSION = YES;
				CLANG_WARN_DEPRECATED_OBJC_IMPLEMENTATIONS = YES;
				CLANG_WARN_DIRECT_OBJC_ISA_USAGE = YES_ERROR;
				CLANG_WARN_DOCUMENTATION_COMMENTS = YES;
				CLANG_WARN_EMPTY_BODY = YES;
				CLANG_WARN_ENUM_CONVERSION = YES;
				CLANG_WARN_INFINITE_RECURSION = YES;
				CLANG_WARN_INT_CONVERSION = YES;
				CLANG_WARN_NON_LITERAL_NULL_CONVERSION = YES;
				CLANG_WARN_OBJC_IMPLICIT_RETAIN_SELF = YES;
				CLANG_WARN_OBJC_LITERAL_CONVERSION = YES;
				CLANG_WARN_OBJC_ROOT_CLASS = YES_ERROR;
				CLANG_WARN_QUOTED_INCLUDE_IN_FRAMEWORK_HEADER = YES;
				CLANG_WARN_RANGE_LOOP_ANALYSIS = YES;
				CLANG_WARN_STRICT_PROTOTYPES = YES;
				CLANG_WARN_SUSPICIOUS_MOVE = YES;
				CLANG_WARN_UNGUARDED_AVAILABILITY = YES_AGGRESSIVE;
				CLANG_WARN_UNREACHABLE_CODE = YES;
				CLANG_WARN__DUPLICATE_METHOD_MATCH = YES;
				COPY_PHASE_STRIP = NO;
				DEBUG_INFORMATION_FORMAT = "dwarf-with-dsym";
				ENABLE_NS_ASSERTIONS = NO;
				ENABLE_STRICT_OBJC_MSGSEND = YES;
				GCC_C_LANGUAGE_STANDARD = gnu11;
				GCC_NO_COMMON_BLOCKS = YES;
				GCC_WARN_64_TO_32_BIT_CONVERSION = YES;
				GCC_WARN_ABOUT_RETURN_TYPE = YES_ERROR;
				GCC_WARN_UNDECLARED_SELECTOR = YES;
				GCC_WARN_UNINITIALIZED_AUTOS = YES_AGGRESSIVE;
				GCC_WARN_UNUSED_FUNCTION = YES;
				GCC_WARN_UNUSED_VARIABLE = YES;
				IPHONEOS_DEPLOYMENT_TARGET = 15.5;
				MTL_ENABLE_DEBUG_INFO = NO;
				MTL_FAST_MATH = YES;
				SDKROOT = iphoneos;
				SWIFT_COMPILATION_MODE = wholemodule;
				SWIFT_EMIT_LOC_STRINGS = YES;
				SWIFT_OPTIMIZATION_LEVEL = "-O";
				VALIDATE_PRODUCT = YES;
			};
			name = Release;
		};
		CB3686CB28744AEA00E1CFC4 /* Debug */ = {
			isa = XCBuildConfiguration;
			buildSettings = {
				ASSETCATALOG_COMPILER_APPICON_NAME = AppIcon;
				ASSETCATALOG_COMPILER_GLOBAL_ACCENT_COLOR_NAME = AccentColor;
				CODE_SIGN_STYLE = Automatic;
				CURRENT_PROJECT_VERSION = 1;
				DEVELOPMENT_ASSET_PATHS = "\"tomatoTomato/Preview Content\"";
				DEVELOPMENT_TEAM = FSX322285W;
				ENABLE_PREVIEWS = YES;
				GENERATE_INFOPLIST_FILE = YES;
				INFOPLIST_KEY_UIApplicationSceneManifest_Generation = YES;
				INFOPLIST_KEY_UIApplicationSupportsIndirectInputEvents = YES;
				INFOPLIST_KEY_UILaunchScreen_Generation = YES;
				INFOPLIST_KEY_UISupportedInterfaceOrientations_iPad = "UIInterfaceOrientationPortrait UIInterfaceOrientationPortraitUpsideDown UIInterfaceOrientationLandscapeLeft UIInterfaceOrientationLandscapeRight";
				INFOPLIST_KEY_UISupportedInterfaceOrientations_iPhone = "UIInterfaceOrientationPortrait UIInterfaceOrientationLandscapeLeft UIInterfaceOrientationLandscapeRight";
				LD_RUNPATH_SEARCH_PATHS = (
					"$(inherited)",
					"@executable_path/Frameworks",
				);
				MARKETING_VERSION = 1.0;
				PRODUCT_BUNDLE_IDENTIFIER = kitten.tomatoTomato;
				PRODUCT_NAME = "$(TARGET_NAME)";
				SWIFT_EMIT_LOC_STRINGS = YES;
				SWIFT_VERSION = 5.0;
				TARGETED_DEVICE_FAMILY = "1,2";
			};
			name = Debug;
		};
		CB3686CC28744AEA00E1CFC4 /* Release */ = {
			isa = XCBuildConfiguration;
			buildSettings = {
				ASSETCATALOG_COMPILER_APPICON_NAME = AppIcon;
				ASSETCATALOG_COMPILER_GLOBAL_ACCENT_COLOR_NAME = AccentColor;
				CODE_SIGN_STYLE = Automatic;
				CURRENT_PROJECT_VERSION = 1;
				DEVELOPMENT_ASSET_PATHS = "\"tomatoTomato/Preview Content\"";
				DEVELOPMENT_TEAM = FSX322285W;
				ENABLE_PREVIEWS = YES;
				GENERATE_INFOPLIST_FILE = YES;
				INFOPLIST_KEY_UIApplicationSceneManifest_Generation = YES;
				INFOPLIST_KEY_UIApplicationSupportsIndirectInputEvents = YES;
				INFOPLIST_KEY_UILaunchScreen_Generation = YES;
				INFOPLIST_KEY_UISupportedInterfaceOrientations_iPad = "UIInterfaceOrientationPortrait UIInterfaceOrientationPortraitUpsideDown UIInterfaceOrientationLandscapeLeft UIInterfaceOrientationLandscapeRight";
				INFOPLIST_KEY_UISupportedInterfaceOrientations_iPhone = "UIInterfaceOrientationPortrait UIInterfaceOrientationLandscapeLeft UIInterfaceOrientationLandscapeRight";
				LD_RUNPATH_SEARCH_PATHS = (
					"$(inherited)",
					"@executable_path/Frameworks",
				);
				MARKETING_VERSION = 1.0;
				PRODUCT_BUNDLE_IDENTIFIER = kitten.tomatoTomato;
				PRODUCT_NAME = "$(TARGET_NAME)";
				SWIFT_EMIT_LOC_STRINGS = YES;
				SWIFT_VERSION = 5.0;
				TARGETED_DEVICE_FAMILY = "1,2";
			};
			name = Release;
		};
/* End XCBuildConfiguration section */

/* Begin XCConfigurationList section */
		CB3686B728744AE200E1CFC4 /* Build configuration list for PBXProject "tomatoTomato" */ = {
			isa = XCConfigurationList;
			buildConfigurations = (
				CB3686C828744AEA00E1CFC4 /* Debug */,
				CB3686C928744AEA00E1CFC4 /* Release */,
			);
			defaultConfigurationIsVisible = 0;
			defaultConfigurationName = Release;
		};
		CB3686CA28744AEA00E1CFC4 /* Build configuration list for PBXNativeTarget "tomatoTomato" */ = {
			isa = XCConfigurationList;
			buildConfigurations = (
				CB3686CB28744AEA00E1CFC4 /* Debug */,
				CB3686CC28744AEA00E1CFC4 /* Release */,
			);
			defaultConfigurationIsVisible = 0;
			defaultConfigurationName = Release;
		};
/* End XCConfigurationList section */

/* Begin XCRemoteSwiftPackageReference section */
		CB3FF732290FF290007B3579 /* XCRemoteSwiftPackageReference "GRDB" */ = {
			isa = XCRemoteSwiftPackageReference;
			repositoryURL = "https://github.com/groue/GRDB.swift";
			requirement = {
				branch = master;
				kind = branch;
			};
		};
/* End XCRemoteSwiftPackageReference section */

/* Begin XCSwiftPackageProductDependency section */
		CB3FF733290FF290007B3579 /* GRDB */ = {
			isa = XCSwiftPackageProductDependency;
			package = CB3FF732290FF290007B3579 /* XCRemoteSwiftPackageReference "GRDB" */;
			productName = GRDB;
		};
/* End XCSwiftPackageProductDependency section */
	};
	rootObject = CB3686B428744AE200E1CFC4 /* Project object */;
}
